
Microsoft Visual Studio Solution File, Format Version 12.00
# Visual Studio Version 17
VisualStudioVersion = 17.9.34902.65
MinimumVisualStudioVersion = 10.0.40219.1
Project("{FAE04EC0-301F-11D3-BF4B-00C04F79EFBC}") = "BMI Calculator MAUI", "BMI Calculator MAUI\BMI Calculator MAUI.csproj", "{D4889024-2FC3-498C-8797-7644D9AD8F2C}"
EndProject
Global
	GlobalSection(SolutionConfigurationPlatforms) = preSolution
		Debug|Any CPU = Debug|Any CPU
		Release|Any CPU = Release|Any CPU
	EndGlobalSection
	GlobalSection(ProjectConfigurationPlatforms) = postSolution
		{D4889024-2FC3-498C-8797-7644D9AD8F2C}.Debug|Any CPU.ActiveCfg = Debug|Any CPU
		{D4889024-2FC3-498C-8797-7644D9AD8F2C}.Debug|Any CPU.Build.0 = Debug|Any CPU
		{D4889024-2FC3-498C-8797-7644D9AD8F2C}.Debug|Any CPU.Deploy.0 = Debug|Any CPU
		{D4889024-2FC3-498C-8797-7644D9AD8F2C}.Release|Any CPU.ActiveCfg = Release|Any CPU
		{D4889024-2FC3-498C-8797-7644D9AD8F2C}.Release|Any CPU.Build.0 = Release|Any CPU
		{D4889024-2FC3-498C-8797-7644D9AD8F2C}.Release|Any CPU.Deploy.0 = Release|Any CPU
	EndGlobalSection
	GlobalSection(SolutionProperties) = preSolution
		HideSolutionNode = FALSE
	EndGlobalSection
	GlobalSection(ExtensibilityGlobals) = postSolution
		SolutionGuid = {ECBA9399-5BBA-4136-9BE0-2D8978144657}
	EndGlobalSection
EndGlobal
